
Microsoft Visual Studio Solution File, Format Version 12.00
# Visual Studio Version 16
VisualStudioVersion = 16.0.31129.286
MinimumVisualStudioVersion = 10.0.40219.1
Project("{9A19103F-16F7-4668-BE54-9A1E7A4F7556}") = "AzBlobDemo", "AzBlobDemo\AzBlobDemo.csproj", "{1F4B6DE9-E1C1-46AE-91FB-DDF9D127073E}"
EndProject
Project("{FAE04EC0-301F-11D3-BF4B-00C04F79EFBC}") = "AzTableDemo", "AzTableDemo\AzTableDemo.csproj", "{CDAE684E-BAA9-40BA-AA10-43E782678CF1}"
EndProject
Global
	GlobalSection(SolutionConfigurationPlatforms) = preSolution
		Debug|Any CPU = Debug|Any CPU
		Release|Any CPU = Release|Any CPU
	EndGlobalSection
	GlobalSection(ProjectConfigurationPlatforms) = postSolution
		{1F4B6DE9-E1C1-46AE-91FB-DDF9D127073E}.Debug|Any CPU.ActiveCfg = Debug|Any CPU
		{1F4B6DE9-E1C1-46AE-91FB-DDF9D127073E}.Debug|Any CPU.Build.0 = Debug|Any CPU
		{1F4B6DE9-E1C1-46AE-91FB-DDF9D127073E}.Release|Any CPU.ActiveCfg = Release|Any CPU
		{1F4B6DE9-E1C1-46AE-91FB-DDF9D127073E}.Release|Any CPU.Build.0 = Release|Any CPU
		{CDAE684E-BAA9-40BA-AA10-43E782678CF1}.Debug|Any CPU.ActiveCfg = Debug|Any CPU
		{CDAE684E-BAA9-40BA-AA10-43E782678CF1}.Debug|Any CPU.Build.0 = Debug|Any CPU
		{CDAE684E-BAA9-40BA-AA10-43E782678CF1}.Release|Any CPU.ActiveCfg = Release|Any CPU
		{CDAE684E-BAA9-40BA-AA10-43E782678CF1}.Release|Any CPU.Build.0 = Release|Any CPU
	EndGlobalSection
	GlobalSection(SolutionProperties) = preSolution
		HideSolutionNode = FALSE
	EndGlobalSection
	GlobalSection(ExtensibilityGlobals) = postSolution
		SolutionGuid = {5E030E2C-2040-4753-B853-D2AA39AF1666}
	EndGlobalSection
EndGlobal
